
Microsoft Visual Studio Solution File, Format Version 12.00
# Visual Studio 15
VisualStudioVersion = 15.0.26228.9
MinimumVisualStudioVersion = 10.0.40219.1
Project("{FAE04EC0-301F-11D3-BF4B-00C04F79EFBC}") = "eIspričnica", "eIspričnica\eIspričnica.csproj", "{150B4794-F6B8-4761-A343-A28F73112065}"
EndProject
Global
	GlobalSection(SolutionConfigurationPlatforms) = preSolution
		Debug|Any CPU = Debug|Any CPU
		Release|Any CPU = Release|Any CPU
	EndGlobalSection
	GlobalSection(ProjectConfigurationPlatforms) = postSolution
		{150B4794-F6B8-4761-A343-A28F73112065}.Debug|Any CPU.ActiveCfg = Debug|Any CPU
		{150B4794-F6B8-4761-A343-A28F73112065}.Debug|Any CPU.Build.0 = Debug|Any CPU
		{150B4794-F6B8-4761-A343-A28F73112065}.Release|Any CPU.ActiveCfg = Release|Any CPU
		{150B4794-F6B8-4761-A343-A28F73112065}.Release|Any CPU.Build.0 = Release|Any CPU
	EndGlobalSection
	GlobalSection(SolutionProperties) = preSolution
		HideSolutionNode = FALSE
	EndGlobalSection
EndGlobal
